{
  "version": 1,
  "dependencies": {
    "net10.0-windows10.0.26100": {
      "Microsoft.DotNet.ILCompiler": {
        "type": "Direct",
        "requested": "[10.0.12, )",
        "resolved": "10.0.12",
        "contentHash": "AawF393Q+VkdrnrnI1gu612zh5iqpa1AGSvnKCQ3IkMgSKJXIQbO1sXYRgEzOU4f0cPZ6MaCCF29xZSGWlmbuQ=="
      },
      "Microsoft.NET.ILLink.Tasks": {
        "type": "Direct",
        "requested": "[10.0.12, )",
        "resolved": "10.0.12",
        "contentHash": "xi+BDjFpW+Sb+MHFHaH6Y/gV9I8BluFwRXc1QyCdoZbIK26eNiBeFuMTe/FMwc33G1wdHCyDg7CVTmb8OdQrMQ=="
      },
      "Microsoft.Windows.CsWinRT": {
        "type": "Direct",
        "requested": "[2.3.1, )",
        "resolved": "2.3.1",
        "contentHash": "ojoYrj8m8mAx6LVxofQXgfvsReDTv2LQFeDgXt5Lw99r5fv7dCR19ybd1JN0OueaWvL+BNqv0E7zZCgqptP9zA=="
      },
      "Microsoft.WindowsAppSDK.Foundation": {
        "type": "Direct",
        "requested": "[2.3.12, )",
        "resolved": "2.3.12",
        "contentHash": "UflrNbXoZmHPt8lLGDk4gQ+yoGfQlCHd3TVTy7YwCMZ/aVGWAiLDqGCEjtWmNsI8ySy6imx3ZlenKfd2/VMPEg==",
        "dependencies": {
          "Microsoft.WindowsAppSDK.Base": "2.0.4",
          "Microsoft.WindowsAppSDK.InteractiveExperiences": "2.1.8"
        }
      },
      "Microsoft.Windows.SDK.BuildTools": {
        "type": "Transitive",
        "resolved": "10.0.26100.4654",
        "contentHash": "2mgcOlj/t2RfSyyw+pVESfO+Tk1RkfQzto9Vrq42M1lUQIfQEwbi8QLha9GXWIOj+TFzeHIEJckIoF25mgiM8A=="
      },
      "Microsoft.Windows.SDK.BuildTools.MSIX": {
        "type": "Transitive",
        "resolved": "1.7.251221100",
        "contentHash": "f4aIZJ0NUth2403oxrpR+9rxVzZVI6dabqB21u8ncnk8eJAKCs9m77E4iYAnvP1YwrRe4axz3f8+yUcttNSfEA=="
      },
      "Microsoft.WindowsAppSDK.Base": {
        "type": "Transitive",
        "resolved": "2.0.4",
        "contentHash": "QXSy2llX2/Bx9dYWGUEsb10F40q94ZiDnPMzqa2/qRmTG4y9EXxGp6uHITb7c0b4FCa+6KFBlgh6D53M0QEMEg==",
        "dependencies": {
          "Microsoft.Windows.SDK.BuildTools": "10.0.26100.4654",
          "Microsoft.Windows.SDK.BuildTools.MSIX": "1.7.251221100"
        }
      },
      "Microsoft.WindowsAppSDK.InteractiveExperiences": {
        "type": "Transitive",
        "resolved": "2.1.9",
        "contentHash": "59nvb3pQYsBTTGrobeHkB4bkxASHtpaORJl7r6Zvg8PSIDCupEZTPKrIhnUknHDGfAtuBsnORjgvRi2WXGaRhA==",
        "dependencies": {
          "Microsoft.WindowsAppSDK.Base": "2.0.4"
        }
      }
    },
    "net10.0-windows10.0.26100/win-x64": {
      "Microsoft.DotNet.ILCompiler": {
        "type": "Direct",
        "requested": "[10.0.12, )",
        "resolved": "10.0.12",
        "contentHash": "AawF393Q+VkdrnrnI1gu612zh5iqpa1AGSvnKCQ3IkMgSKJXIQbO1sXYRgEzOU4f0cPZ6MaCCF29xZSGWlmbuQ==",
        "dependencies": {
          "runtime.win-x64.Microsoft.DotNet.ILCompiler": "10.0.12"
        }
      },
      "Microsoft.WindowsAppSDK.Foundation": {
        "type": "Direct",
        "requested": "[2.3.12, )",
        "resolved": "2.3.12",
        "contentHash": "UflrNbXoZmHPt8lLGDk4gQ+yoGfQlCHd3TVTy7YwCMZ/aVGWAiLDqGCEjtWmNsI8ySy6imx3ZlenKfd2/VMPEg==",
        "dependencies": {
          "Microsoft.WindowsAppSDK.Base": "2.0.4",
          "Microsoft.WindowsAppSDK.InteractiveExperiences": "2.1.8"
        }
      },
      "runtime.win-x64.Microsoft.DotNet.ILCompiler": {
        "type": "Transitive",
        "resolved": "10.0.12",
        "contentHash": "clsgU9GnioCJ+PBzQTCoJHxLXRU+7O/BzYrwRT8CUP7jgyYjNgJmNsQ/kbzAA7MG5kDvFoFvIBGHGzYdINh/EQ=="
      }
    }
  }
}