<Solution>
  <Project Path="apps/Lucent.IssueBrowser/Lucent.IssueBrowser.csproj" />
  <Project Path="src/Lucent.Core/Lucent.Core.csproj" />
  <Project Path="src/Lucent.Platform.Windows/Lucent.Platform.Windows.csproj" />
  <Project Path="src/Lucent.Renderer.Skia/Lucent.Renderer.Skia.csproj" />
  <Project Path="tests/Lucent.Core.Tests/Lucent.Core.Tests.csproj" />
  <Project Path="tests/Lucent.IssueBrowser.Tests/Lucent.IssueBrowser.Tests.csproj" />
  <Project Path="tests/Lucent.Platform.Windows.Tests/Lucent.Platform.Windows.Tests.csproj" />
  <Project Path="tests/Lucent.Renderer.Skia.Tests/Lucent.Renderer.Skia.Tests.csproj" />
</Solution>
