
Microsoft Visual Studio Solution File, Format Version 12.00
# Visual Studio Version 17
VisualStudioVersion = 17.0.31903.59
MinimumVisualStudioVersion = 10.0.40219.1
Project("{FAE04EC0-301F-11D3-BF4B-00C04F79EFBC}") = "Lucent.Poc", "src\Lucent.Poc\Lucent.Poc.csproj", "{6D3B8145-D79E-47D7-AD68-3549AF99102A}"
EndProject
Project("{FAE04EC0-301F-11D3-BF4B-00C04F79EFBC}") = "Counter", "examples\counter\Counter.csproj", "{1A118A10-91D1-49EC-A7D9-1625DFE0B101}"
EndProject
Project("{FAE04EC0-301F-11D3-BF4B-00C04F79EFBC}") = "Todo", "examples\todo\Todo.csproj", "{2B229B21-A2E2-4AFD-B8EA-2736E0F1C202}"
EndProject
Project("{FAE04EC0-301F-11D3-BF4B-00C04F79EFBC}") = "PackagePulse", "examples\package-pulse\PackagePulse.csproj", "{3C33AC32-B3F3-4B0E-C9FB-3847F102D303}"
EndProject
Project("{FAE04EC0-301F-11D3-BF4B-00C04F79EFBC}") = "Lucent.Compiler", "src\Lucent.Compiler\Lucent.Compiler.csproj", "{A5C2DDA1-6F04-4A0C-B3B9-01805E55C001}"
EndProject
Project("{FAE04EC0-301F-11D3-BF4B-00C04F79EFBC}") = "Lucent.Compiler.Cli", "src\Lucent.Compiler.Cli\Lucent.Compiler.Cli.csproj", "{B6D3EEB2-7A15-4B1D-C4CA-12916F66D002}"
EndProject
Project("{FAE04EC0-301F-11D3-BF4B-00C04F79EFBC}") = "Lucent.Compiler.Tests", "tests\Lucent.Compiler.Tests\Lucent.Compiler.Tests.csproj", "{C7E4FFC3-8B26-4C2E-D5DB-23A27A77E003}"
EndProject
Project("{FAE04EC0-301F-11D3-BF4B-00C04F79EFBC}") = "Lucent.Compiler.MSBuild", "src\Lucent.Compiler.MSBuild\Lucent.Compiler.MSBuild.csproj", "{D8F50014-9C37-4D3F-E6EC-34B38B88F104}"
EndProject
Project("{FAE04EC0-301F-11D3-BF4B-00C04F79EFBC}") = "Lucent.Compiler.MSBuild.Tests", "tests\Lucent.Compiler.MSBuild.Tests\Lucent.Compiler.MSBuild.Tests.csproj", "{E9061125-AD48-4E40-F7FD-45C49C99A205}"
EndProject
Project("{FAE04EC0-301F-11D3-BF4B-00C04F79EFBC}") = "Lucent.LanguageServer", "src\Lucent.LanguageServer\Lucent.LanguageServer.csproj", "{FA172236-BE59-4F51-A80E-56D5ADAAB306}"
EndProject
Project("{FAE04EC0-301F-11D3-BF4B-00C04F79EFBC}") = "Lucent.LanguageServer.Tests", "tests\Lucent.LanguageServer.Tests\Lucent.LanguageServer.Tests.csproj", "{0B283347-CF6A-4062-B91F-67E6BEBBC407}"
EndProject
Project("{FAE04EC0-301F-11D3-BF4B-00C04F79EFBC}") = "Lucent.Runtime", "src\Lucent.Runtime\Lucent.Runtime.csproj", "{1C394458-D06B-4173-8A31-67F7CFC51808}"
EndProject
Project("{FAE04EC0-301F-11D3-BF4B-00C04F79EFBC}") = "Lucent.Runtime.Tests", "tests\Lucent.Runtime.Tests\Lucent.Runtime.Tests.csproj", "{2D4A5569-E17C-4284-9B42-7808D0D62919}"
EndProject
Project("{FAE04EC0-301F-11D3-BF4B-00C04F79EFBC}") = "Lucent.Workbench", "examples\workbench\Lucent.Workbench.csproj", "{2288D4F8-0D4F-4272-84D9-204FCD4DC55C}"
EndProject
Global
	GlobalSection(SolutionConfigurationPlatforms) = preSolution
		Debug|Any CPU = Debug|Any CPU
		Release|Any CPU = Release|Any CPU
	EndGlobalSection
	GlobalSection(ProjectConfigurationPlatforms) = postSolution
		{6D3B8145-D79E-47D7-AD68-3549AF99102A}.Debug|Any CPU.ActiveCfg = Debug|Any CPU
		{6D3B8145-D79E-47D7-AD68-3549AF99102A}.Debug|Any CPU.Build.0 = Debug|Any CPU
		{6D3B8145-D79E-47D7-AD68-3549AF99102A}.Release|Any CPU.ActiveCfg = Release|Any CPU
		{6D3B8145-D79E-47D7-AD68-3549AF99102A}.Release|Any CPU.Build.0 = Release|Any CPU
		{1A118A10-91D1-49EC-A7D9-1625DFE0B101}.Debug|Any CPU.ActiveCfg = Debug|Any CPU
		{1A118A10-91D1-49EC-A7D9-1625DFE0B101}.Debug|Any CPU.Build.0 = Debug|Any CPU
		{1A118A10-91D1-49EC-A7D9-1625DFE0B101}.Release|Any CPU.ActiveCfg = Release|Any CPU
		{1A118A10-91D1-49EC-A7D9-1625DFE0B101}.Release|Any CPU.Build.0 = Release|Any CPU
		{2B229B21-A2E2-4AFD-B8EA-2736E0F1C202}.Debug|Any CPU.ActiveCfg = Debug|Any CPU
		{2B229B21-A2E2-4AFD-B8EA-2736E0F1C202}.Debug|Any CPU.Build.0 = Debug|Any CPU
		{2B229B21-A2E2-4AFD-B8EA-2736E0F1C202}.Release|Any CPU.ActiveCfg = Release|Any CPU
		{2B229B21-A2E2-4AFD-B8EA-2736E0F1C202}.Release|Any CPU.Build.0 = Release|Any CPU
		{3C33AC32-B3F3-4B0E-C9FB-3847F102D303}.Debug|Any CPU.ActiveCfg = Debug|Any CPU
		{3C33AC32-B3F3-4B0E-C9FB-3847F102D303}.Debug|Any CPU.Build.0 = Debug|Any CPU
		{3C33AC32-B3F3-4B0E-C9FB-3847F102D303}.Release|Any CPU.ActiveCfg = Release|Any CPU
		{3C33AC32-B3F3-4B0E-C9FB-3847F102D303}.Release|Any CPU.Build.0 = Release|Any CPU
		{A5C2DDA1-6F04-4A0C-B3B9-01805E55C001}.Debug|Any CPU.ActiveCfg = Debug|Any CPU
		{A5C2DDA1-6F04-4A0C-B3B9-01805E55C001}.Debug|Any CPU.Build.0 = Debug|Any CPU
		{A5C2DDA1-6F04-4A0C-B3B9-01805E55C001}.Release|Any CPU.ActiveCfg = Release|Any CPU
		{A5C2DDA1-6F04-4A0C-B3B9-01805E55C001}.Release|Any CPU.Build.0 = Release|Any CPU
		{B6D3EEB2-7A15-4B1D-C4CA-12916F66D002}.Debug|Any CPU.ActiveCfg = Debug|Any CPU
		{B6D3EEB2-7A15-4B1D-C4CA-12916F66D002}.Debug|Any CPU.Build.0 = Debug|Any CPU
		{B6D3EEB2-7A15-4B1D-C4CA-12916F66D002}.Release|Any CPU.ActiveCfg = Release|Any CPU
		{B6D3EEB2-7A15-4B1D-C4CA-12916F66D002}.Release|Any CPU.Build.0 = Release|Any CPU
		{C7E4FFC3-8B26-4C2E-D5DB-23A27A77E003}.Debug|Any CPU.ActiveCfg = Debug|Any CPU
		{C7E4FFC3-8B26-4C2E-D5DB-23A27A77E003}.Debug|Any CPU.Build.0 = Debug|Any CPU
		{C7E4FFC3-8B26-4C2E-D5DB-23A27A77E003}.Release|Any CPU.ActiveCfg = Release|Any CPU
		{C7E4FFC3-8B26-4C2E-D5DB-23A27A77E003}.Release|Any CPU.Build.0 = Release|Any CPU
		{D8F50014-9C37-4D3F-E6EC-34B38B88F104}.Debug|Any CPU.ActiveCfg = Debug|Any CPU
		{D8F50014-9C37-4D3F-E6EC-34B38B88F104}.Debug|Any CPU.Build.0 = Debug|Any CPU
		{D8F50014-9C37-4D3F-E6EC-34B38B88F104}.Release|Any CPU.ActiveCfg = Release|Any CPU
		{D8F50014-9C37-4D3F-E6EC-34B38B88F104}.Release|Any CPU.Build.0 = Release|Any CPU
		{E9061125-AD48-4E40-F7FD-45C49C99A205}.Debug|Any CPU.ActiveCfg = Debug|Any CPU
		{E9061125-AD48-4E40-F7FD-45C49C99A205}.Debug|Any CPU.Build.0 = Debug|Any CPU
		{E9061125-AD48-4E40-F7FD-45C49C99A205}.Release|Any CPU.ActiveCfg = Release|Any CPU
		{E9061125-AD48-4E40-F7FD-45C49C99A205}.Release|Any CPU.Build.0 = Release|Any CPU
		{FA172236-BE59-4F51-A80E-56D5ADAAB306}.Debug|Any CPU.ActiveCfg = Debug|Any CPU
		{FA172236-BE59-4F51-A80E-56D5ADAAB306}.Debug|Any CPU.Build.0 = Debug|Any CPU
		{FA172236-BE59-4F51-A80E-56D5ADAAB306}.Release|Any CPU.ActiveCfg = Release|Any CPU
		{FA172236-BE59-4F51-A80E-56D5ADAAB306}.Release|Any CPU.Build.0 = Release|Any CPU
		{0B283347-CF6A-4062-B91F-67E6BEBBC407}.Debug|Any CPU.ActiveCfg = Debug|Any CPU
		{0B283347-CF6A-4062-B91F-67E6BEBBC407}.Debug|Any CPU.Build.0 = Debug|Any CPU
		{0B283347-CF6A-4062-B91F-67E6BEBBC407}.Release|Any CPU.ActiveCfg = Release|Any CPU
		{0B283347-CF6A-4062-B91F-67E6BEBBC407}.Release|Any CPU.Build.0 = Release|Any CPU
		{1C394458-D06B-4173-8A31-67F7CFC51808}.Debug|Any CPU.ActiveCfg = Debug|Any CPU
		{1C394458-D06B-4173-8A31-67F7CFC51808}.Debug|Any CPU.Build.0 = Debug|Any CPU
		{1C394458-D06B-4173-8A31-67F7CFC51808}.Release|Any CPU.ActiveCfg = Release|Any CPU
		{1C394458-D06B-4173-8A31-67F7CFC51808}.Release|Any CPU.Build.0 = Release|Any CPU
		{2D4A5569-E17C-4284-9B42-7808D0D62919}.Debug|Any CPU.ActiveCfg = Debug|Any CPU
		{2D4A5569-E17C-4284-9B42-7808D0D62919}.Debug|Any CPU.Build.0 = Debug|Any CPU
		{2D4A5569-E17C-4284-9B42-7808D0D62919}.Release|Any CPU.ActiveCfg = Release|Any CPU
		{2D4A5569-E17C-4284-9B42-7808D0D62919}.Release|Any CPU.Build.0 = Release|Any CPU
		{2288D4F8-0D4F-4272-84D9-204FCD4DC55C}.Debug|Any CPU.ActiveCfg = Debug|Any CPU
		{2288D4F8-0D4F-4272-84D9-204FCD4DC55C}.Debug|Any CPU.Build.0 = Debug|Any CPU
		{2288D4F8-0D4F-4272-84D9-204FCD4DC55C}.Release|Any CPU.ActiveCfg = Release|Any CPU
		{2288D4F8-0D4F-4272-84D9-204FCD4DC55C}.Release|Any CPU.Build.0 = Release|Any CPU
	EndGlobalSection
EndGlobal
