{
  "version": 2,
  "dependencies": {
    "net10.0": {
      "Microsoft.NET.ILLink.Tasks": {
        "type": "Direct",
        "requested": "[10.0.12, )",
        "resolved": "10.0.12",
        "contentHash": "xi+BDjFpW+Sb+MHFHaH6Y/gV9I8BluFwRXc1QyCdoZbIK26eNiBeFuMTe/FMwc33G1wdHCyDg7CVTmb8OdQrMQ=="
      },
      "SkiaSharp": {
        "type": "Direct",
        "requested": "[4.151.1, )",
        "resolved": "4.151.1",
        "contentHash": "FNlVsGZ9to3o9pObVqhIZanHjUGOoPb/Zxk5svCSLMJnKwxPKV7sIJrjs9BpB/jF3j9OdsaMOb4cfwSJbjueSw==",
        "dependencies": {
          "SkiaSharp.NativeAssets.Win32": "4.151.1",
          "SkiaSharp.NativeAssets.macOS": "4.151.1"
        }
      },
      "SkiaSharp.HarfBuzz": {
        "type": "Direct",
        "requested": "[4.151.1, )",
        "resolved": "4.151.1",
        "contentHash": "NwqQbvFBNnAM4RT3gavz2jS0miaYjeJrTG1LlcVamyNFsn6Tb9qSxDKfj4hLVtjSX64gvQCriPPIrg9Z5bQGZQ==",
        "dependencies": {
          "HarfBuzzSharp": "14.2.1.1",
          "SkiaSharp": "4.151.1"
        }
      },
      "Svg.Skia": {
        "type": "Direct",
        "requested": "[5.2.3, )",
        "resolved": "5.2.3",
        "contentHash": "slGSy5Aje/30Ou2a5aezbGGWLZspBIBYlEzqgtaIVex4FUYAR3mxaYrvMZj1tHy+ESDFCGY7+2FjF6UzqGUZew==",
        "dependencies": {
          "HarfBuzzSharp": "14.2.0",
          "HarfBuzzSharp.NativeAssets.Linux": "14.2.0",
          "HarfBuzzSharp.NativeAssets.Win32": "14.2.0",
          "HarfBuzzSharp.NativeAssets.macOS": "14.2.0",
          "SkiaSharp": "4.148.0",
          "Svg.Animation": "5.2.3",
          "Svg.Custom": "5.2.3",
          "Svg.Model": "5.2.3",
          "Svg.SceneGraph": "5.2.3"
        }
      },
      "ExCSS": {
        "type": "Transitive",
        "resolved": "4.3.1",
        "contentHash": "A8UtcghHQlWxPJhJF5bsfEYO7068JHGTuJ7tzyyMjd5fE/N/xY1cVOUhzuLLFwMOCJVnM4mqSQc93W9fGfZ1kA=="
      },
      "HarfBuzzSharp": {
        "type": "Transitive",
        "resolved": "14.2.1.1",
        "contentHash": "7XDWIol7Iq0Lw2MxJLjI3ec1mGQspC5BM0Ao85TDCSMgr94mmdRReSO00ZxHiy+j8OMpOkuu8B9x2brhKSlWaw==",
        "dependencies": {
          "HarfBuzzSharp.NativeAssets.Win32": "14.2.1.1",
          "HarfBuzzSharp.NativeAssets.macOS": "14.2.1.1"
        }
      },
      "HarfBuzzSharp.NativeAssets.Linux": {
        "type": "Transitive",
        "resolved": "14.2.0",
        "contentHash": "KgdkGoqCoRPAdekskR9asBbY5tzfqRcYQ0/+hz8rvPMAmbQqX1g57xr6rbGUyIVY5j5ioExZWUZ10QocUVpgwQ=="
      },
      "HarfBuzzSharp.NativeAssets.macOS": {
        "type": "Transitive",
        "resolved": "14.2.1.1",
        "contentHash": "WkvDdOQN940zZAbRfHbYTmtUKVgrmmeFI0W6IIbNAj2FyYMWrgX3OvpRFrcftdnczpxrPNDE2YzykoorIdCuZw=="
      },
      "HarfBuzzSharp.NativeAssets.Win32": {
        "type": "Transitive",
        "resolved": "14.2.1.1",
        "contentHash": "doOYYTksh3+VDcuXMHFZaYkA1gs0JFfvUyBMH5fhLUA20FPNfDL5gciiyXlzZ/HNR/J3u2C27e6tvycbk+2MUQ=="
      },
      "ShimSkiaSharp": {
        "type": "Transitive",
        "resolved": "5.2.3",
        "contentHash": "BBmIvh70WduWEF8C9HeU12LmHkg6+h2SRwJzey/tmztRk4ttAxhyu9eAD/jlsNGlqquYpoCQyyTx+QynavyfVA=="
      },
      "SkiaSharp.NativeAssets.macOS": {
        "type": "Transitive",
        "resolved": "4.151.1",
        "contentHash": "nLXwdhi0oB7pqqNLbSOLX+FIZQOMAU/yFPspzcDTJjTmPbMWyp0JWyeVj8sFJ/cweurEfT0J/lvfgdXX2EFHXA=="
      },
      "SkiaSharp.NativeAssets.Win32": {
        "type": "Transitive",
        "resolved": "4.151.1",
        "contentHash": "G+nln30ZX2ZuhH+ungf6x/QMXCje38KTS0VTfQeMyeY8uyMBmsZwFz2D30ZxUjZqsVbEIcaC2bsYF65876s4Yg=="
      },
      "Svg.Animation": {
        "type": "Transitive",
        "resolved": "5.2.3",
        "contentHash": "mlbLFKzSVL2wMvDxnlMKLbdbbCbZBjDwSgmCZ7dHE4l0DtVUX5kHixngZlUP8AuBoikzqsXZt4+IXJhbeJjAdA==",
        "dependencies": {
          "ShimSkiaSharp": "5.2.3",
          "SkiaSharp": "4.148.0",
          "Svg.Custom": "5.2.3",
          "Svg.Model": "5.2.3"
        }
      },
      "Svg.Custom": {
        "type": "Transitive",
        "resolved": "5.2.3",
        "contentHash": "epicuKTb55l7Y6c3f9pdP0RkoifVieS9sWvA9HsppTfYyV7RFZg89+fUA9TTPcuccqi0GUGwiPEi+9b881zlDw==",
        "dependencies": {
          "ExCSS": "4.3.1"
        }
      },
      "Svg.Model": {
        "type": "Transitive",
        "resolved": "5.2.3",
        "contentHash": "iZInP4/48rIkpFxVJNMmxDDjIBaUcGOHrzancQ3cmneHXrtH4MYkm6bzggL9hCiS2dxfLhk3JCiERoGf8j0MlA==",
        "dependencies": {
          "ShimSkiaSharp": "5.2.3",
          "Svg.Custom": "5.2.3"
        }
      },
      "Svg.SceneGraph": {
        "type": "Transitive",
        "resolved": "5.2.3",
        "contentHash": "t9HrB1n499YCvziq+sdapDjMvgY7iSzyldEDalWnoZCP3cncu92gEktBqzhUgo8A+r9mfow2TNf0u5jgV5FvlQ==",
        "dependencies": {
          "ShimSkiaSharp": "5.2.3",
          "Svg.Custom": "5.2.3",
          "Svg.Model": "5.2.3"
        }
      },
      "lucent.core": {
        "type": "Project"
      }
    }
  }
}